// !$*UTF8*$!
{
	archiveVersion = 1;
	classes = {
	};
	objectVersion = 77;
	objects = {

/* Begin PBXBuildFile section */
		A0C277412FBD3015005A1DBD /* FirebaseAnalytics in Frameworks */ = {isa = PBXBuildFile; productRef = A0C277402FBD3015005A1DBD /* FirebaseAnalytics */; };
		A0C277432FBD3015005A1DBD /* FirebaseAuth in Frameworks */ = {isa = PBXBuildFile; productRef = A0C277422FBD3015005A1DBD /* FirebaseAuth */; };
		A0C277452FBD3015005A1DBD /* FirebaseFirestore in Frameworks */ = {isa = PBXBuildFile; productRef = A0C277442FBD3015005A1DBD /* FirebaseFirestore */; };
		A0C277482FBD305F005A1DBD /* GoogleSignIn in Frameworks */ = {isa = PBXBuildFile; productRef = A0C277472FBD305F005A1DBD /* GoogleSignIn */; };
/* End PBXBuildFile section */

/* Begin PBXContainerItemProxy section */
		A09A0BCA2FBA88EF0097C3AC /* PBXContainerItemProxy */ = {
			isa = PBXContainerItemProxy;
			containerPortal = A09A0BB02FBA88EB0097C3AC /* Project object */;
			proxyType = 1;
			remoteGlobalIDString = A09A0BB72FBA88EB0097C3AC;
			remoteInfo = "The Milton Paper";
		};
		A09A0BD42FBA88EF0097C3AC /* PBXContainerItemProxy */ = {
			isa = PBXContainerItemProxy;
			containerPortal = A09A0BB02FBA88EB0097C3AC /* Project object */;
			proxyType = 1;
			remoteGlobalIDString = A09A0BB72FBA88EB0097C3AC;
			remoteInfo = "The Milton Paper";
		};
/* End PBXContainerItemProxy section */

/* Begin PBXFileReference section */
		A09A0BB82FBA88EB0097C3AC /* The Milton Paper.app */ = {isa = PBXFileReference; explicitFileType = wrapper.application; includeInIndex = 0; path = "The Milton Paper.app"; sourceTree = BUILT_PRODUCTS_DIR; };
		A09A0BC92FBA88EF0097C3AC /* The Milton PaperTests.xctest */ = {isa = PBXFileReference; explicitFileType = wrapper.cfbundle; includeInIndex = 0; path = "The Milton PaperTests.xctest"; sourceTree = BUILT_PRODUCTS_DIR; };
		A09A0BD32FBA88EF0097C3AC /* The Milton PaperUITests.xctest */ = {isa = PBXFileReference; explicitFileType = wrapper.cfbundle; includeInIndex = 0; path = "The Milton PaperUITests.xctest"; sourceTree = BUILT_PRODUCTS_DIR; };
/* End PBXFileReference section */

/* Begin PBXFileSystemSynchronizedBuildFileExceptionSet section */
		A09A0BDB2FBA88EF0097C3AC /* Exceptions for "The Milton Paper" folder in "The Milton Paper" target */ = {
			isa = PBXFileSystemSynchronizedBuildFileExceptionSet;
			membershipExceptions = (
				Info.plist,
			);
			target = A09A0BB72FBA88EB0097C3AC /* The Milton Paper */;
		};
/* End PBXFileSystemSynchronizedBuildFileExceptionSet section */

/* Begin PBXFileSystemSynchronizedRootGroup section */
		A09A0BBA2FBA88EB0097C3AC /* The Milton Paper */ = {
			isa = PBXFileSystemSynchronizedRootGroup;
			exceptions = (
				A09A0BDB2FBA88EF0097C3AC /* Exceptions for "The Milton Paper" folder in "The Milton Paper" target */,
			);
			path = "The Milton Paper";
			sourceTree = "<group>";
		};
		A09A0BCC2FBA88EF0097C3AC /* The Milton PaperTests */ = {
			isa = PBXFileSystemSynchronizedRootGroup;
			path = "The Milton PaperTests";
			sourceTree = "<group>";
		};
		A09A0BD62FBA88EF0097C3AC /* The Milton PaperUITests */ = {
			isa = PBXFileSystemSynchronizedRootGroup;
			path = "The Milton PaperUITests";
			sourceTree = "<group>";
		};
/* End PBXFileSystemSynchronizedRootGroup section */

/* Begin PBXFrameworksBuildPhase section */
		A09A0BB52FBA88EB0097C3AC /* Frameworks */ = {
			isa = PBXFrameworksBuildPhase;
			buildActionMask = 2147483647;
			files = (
				A0C277412FBD3015005A1DBD /* FirebaseAnalytics in Frameworks */,
				A0C277482FBD305F005A1DBD /* GoogleSignIn in Frameworks */,
				A0C277432FBD3015005A1DBD /* FirebaseAuth in Frameworks */,
				A0C277452FBD3015005A1DBD /* FirebaseFirestore in Frameworks */,
			);
			runOnlyForDeploymentPostprocessing = 0;
		};
		A09A0BC62FBA88EF0097C3AC /* Frameworks */ = {
			isa = PBXFrameworksBuildPhase;
			buildActionMask = 2147483647;
			files = (
			);
			runOnlyForDeploymentPostprocessing = 0;
		};
		A09A0BD02FBA88EF0097C3AC /* Frameworks */ = {
			isa = PBXFrameworksBuildPhase;
			buildActionMask = 2147483647;
			files = (
			);
			runOnlyForDeploymentPostprocessing = 0;
		};
/* End PBXFrameworksBuildPhase section */

/* Begin PBXGroup section */
		A09A0BAF2FBA88EB0097C3AC = {
			isa = PBXGroup;
			children = (
				A09A0BBA2FBA88EB0097C3AC /* The Milton Paper */,
				A09A0BCC2FBA88EF0097C3AC /* The Milton PaperTests */,
				A09A0BD62FBA88EF0097C3AC /* The Milton PaperUITests */,
				A09A0BB92FBA88EB0097C3AC /* Products */,
			);
			sourceTree = "<group>";
		};
		A09A0BB92FBA88EB0097C3AC /* Products */ = {
			isa = PBXGroup;
			children = (
				A09A0BB82FBA88EB0097C3AC /* The Milton Paper.app */,
				A09A0BC92FBA88EF0097C3AC /* The Milton PaperTests.xctest */,
				A09A0BD32FBA88EF0097C3AC /* The Milton PaperUITests.xctest */,
			);
			name = Products;
			sourceTree = "<group>";
		};
/* End PBXGroup section */

/* Begin PBXNativeTarget section */
		A09A0BB72FBA88EB0097C3AC /* The Milton Paper */ = {
			isa = PBXNativeTarget;
			buildConfigurationList = A09A0BDC2FBA88EF0097C3AC /* Build configuration list for PBXNativeTarget "The Milton Paper" */;
			buildPhases = (
				A09A0BB42FBA88EB0097C3AC /* Sources */,
				A09A0BB52FBA88EB0097C3AC /* Frameworks */,
				A09A0BB62FBA88EB0097C3AC /* Resources */,
			);
			buildRules = (
			);
			dependencies = (
			);
			fileSystemSynchronizedGroups = (
				A09A0BBA2FBA88EB0097C3AC /* The Milton Paper */,
			);
			name = "The Milton Paper";
			packageProductDependencies = (
				A0C277402FBD3015005A1DBD /* FirebaseAnalytics */,
				A0C277422FBD3015005A1DBD /* FirebaseAuth */,
				A0C277442FBD3015005A1DBD /* FirebaseFirestore */,
				A0C277472FBD305F005A1DBD /* GoogleSignIn */,
			);
			productName = "The Milton Paper";
			productReference = A09A0BB82FBA88EB0097C3AC /* The Milton Paper.app */;
			productType = "com.apple.product-type.application";
		};
		A09A0BC82FBA88EF0097C3AC /* The Milton PaperTests */ = {
			isa = PBXNativeTarget;
			buildConfigurationList = A09A0BE12FBA88EF0097C3AC /* Build configuration list for PBXNativeTarget "The Milton PaperTests" */;
			buildPhases = (
				A09A0BC52FBA88EF0097C3AC /* Sources */,
				A09A0BC62FBA88EF0097C3AC /* Frameworks */,
				A09A0BC72FBA88EF0097C3AC /* Resources */,
			);
			buildRules = (
			);
			dependencies = (
				A09A0BCB2FBA88EF0097C3AC /* PBXTargetDependency */,
			);
			fileSystemSynchronizedGroups = (
				A09A0BCC2FBA88EF0097C3AC /* The Milton PaperTests */,
			);
			name = "The Milton PaperTests";
			packageProductDependencies = (
			);
			productName = "The Milton PaperTests";
			productReference = A09A0BC92FBA88EF0097C3AC /* The Milton PaperTests.xctest */;
			productType = "com.apple.product-type.bundle.unit-test";
		};
		A09A0BD22FBA88EF0097C3AC /* The Milton PaperUITests */ = {
			isa = PBXNativeTarget;
			buildConfigurationList = A09A0BE42FBA88EF0097C3AC /* Build configuration list for PBXNativeTarget "The Milton PaperUITests" */;
			buildPhases = (
				A09A0BCF2FBA88EF0097C3AC /* Sources */,
				A09A0BD02FBA88EF0097C3AC /* Frameworks */,
				A09A0BD12FBA88EF0097C3AC /* Resources */,
			);
			buildRules = (
			);
			dependencies = (
				A09A0BD52FBA88EF0097C3AC /* PBXTargetDependency */,
			);
			fileSystemSynchronizedGroups = (
				A09A0BD62FBA88EF0097C3AC /* The Milton PaperUITests */,
			);
			name = "The Milton PaperUITests";
			packageProductDependencies = (
			);
			productName = "The Milton PaperUITests";
			productReference = A09A0BD32FBA88EF0097C3AC /* The Milton PaperUITests.xctest */;
			productType = "com.apple.product-type.bundle.ui-testing";
		};
/* End PBXNativeTarget section */

/* Begin PBXProject section */
		A09A0BB02FBA88EB0097C3AC /* Project object */ = {
			isa = PBXProject;
			attributes = {
				BuildIndependentTargetsInParallel = 1;
				LastSwiftUpdateCheck = 2650;
				LastUpgradeCheck = 2650;
				TargetAttributes = {
					A09A0BB72FBA88EB0097C3AC = {
						CreatedOnToolsVersion = 26.5;
					};
					A09A0BC82FBA88EF0097C3AC = {
						CreatedOnToolsVersion = 26.5;
						TestTargetID = A09A0BB72FBA88EB0097C3AC;
					};
					A09A0BD22FBA88EF0097C3AC = {
						CreatedOnToolsVersion = 26.5;
						TestTargetID = A09A0BB72FBA88EB0097C3AC;
					};
				};
			};
			buildConfigurationList = A09A0BB32FBA88EB0097C3AC /* Build configuration list for PBXProject "The Milton Paper" */;
			developmentRegion = en;
			hasScannedForEncodings = 0;
			knownRegions = (
				en,
				Base,
			);
			mainGroup = A09A0BAF2FBA88EB0097C3AC;
			minimizedProjectReferenceProxies = 1;
			packageReferences = (
				A0C2773F2FBD3015005A1DBD /* XCRemoteSwiftPackageReference "firebase-ios-sdk" */,
				A0C277462FBD305F005A1DBD /* XCRemoteSwiftPackageReference "GoogleSignIn-iOS" */,
			);
			preferredProjectObjectVersion = 77;
			productRefGroup = A09A0BB92FBA88EB0097C3AC /* Products */;
			projectDirPath = "";
			projectRoot = "";
			targets = (
				A09A0BB72FBA88EB0097C3AC /* The Milton Paper */,
				A09A0BC82FBA88EF0097C3AC /* The Milton PaperTests */,
				A09A0BD22FBA88EF0097C3AC /* The Milton PaperUITests */,
			);
		};
/* End PBXProject section */

/* Begin PBXResourcesBuildPhase section */
		A09A0BB62FBA88EB0097C3AC /* Resources */ = {
			isa = PBXResourcesBuildPhase;
			buildActionMask = 2147483647;
			files = (
			);
			runOnlyForDeploymentPostprocessing = 0;
		};
		A09A0BC72FBA88EF0097C3AC /* Resources */ = {
			isa = PBXResourcesBuildPhase;
			buildActionMask = 2147483647;
			files = (
			);
			runOnlyForDeploymentPostprocessing = 0;
		};
		A09A0BD12FBA88EF0097C3AC /* Resources */ = {
			isa = PBXResourcesBuildPhase;
			buildActionMask = 2147483647;
			files = (
			);
			runOnlyForDeploymentPostprocessing = 0;
		};
/* End PBXResourcesBuildPhase section */

/* Begin PBXSourcesBuildPhase section */
		A09A0BB42FBA88EB0097C3AC /* Sources */ = {
			isa = PBXSourcesBuildPhase;
			buildActionMask = 2147483647;
			files = (
			);
			runOnlyForDeploymentPostprocessing = 0;
		};
		A09A0BC52FBA88EF0097C3AC /* Sources */ = {
			isa = PBXSourcesBuildPhase;
			buildActionMask = 2147483647;
			files = (
			);
			runOnlyForDeploymentPostprocessing = 0;
		};
		A09A0BCF2FBA88EF0097C3AC /* Sources */ = {
			isa = PBXSourcesBuildPhase;
			buildActionMask = 2147483647;
			files = (
			);
			runOnlyForDeploymentPostprocessing = 0;
		};
/* End PBXSourcesBuildPhase section */

/* Begin PBXTargetDependency section */
		A09A0BCB2FBA88EF0097C3AC /* PBXTargetDependency */ = {
			isa = PBXTargetDependency;
			target = A09A0BB72FBA88EB0097C3AC /* The Milton Paper */;
			targetProxy = A09A0BCA2FBA88EF0097C3AC /* PBXContainerItemProxy */;
		};
		A09A0BD52FBA88EF0097C3AC /* PBXTargetDependency */ = {
			isa = PBXTargetDependency;
			target = A09A0BB72FBA88EB0097C3AC /* The Milton Paper */;
			targetProxy = A09A0BD42FBA88EF0097C3AC /* PBXContainerItemProxy */;
		};
/* End PBXTargetDependency section */

/* Begin XCBuildConfiguration section */
		A09A0BDD2FBA88EF0097C3AC /* Debug */ = {
			isa = XCBuildConfiguration;
			buildSettings = {
				ASSETCATALOG_COMPILER_APPICON_NAME = AppIcon;
				ASSETCATALOG_COMPILER_GLOBAL_ACCENT_COLOR_NAME = AccentColor;
				CODE_SIGN_ENTITLEMENTS = "The Milton Paper/The Milton Paper.entitlements";
				CODE_SIGN_STYLE = Automatic;
				CURRENT_PROJECT_VERSION = 5;
				DEVELOPMENT_TEAM = 7B7M7FR7QW;
				ENABLE_APP_SANDBOX = YES;
				ENABLE_HARDENED_RUNTIME = YES;
				ENABLE_PREVIEWS = YES;
				ENABLE_USER_SELECTED_FILES = readonly;
				GENERATE_INFOPLIST_FILE = YES;
				INFOPLIST_FILE = "The Milton Paper/Info.plist";
				"INFOPLIST_KEY_UIApplicationSceneManifest_Generation[sdk=iphoneos*]" = YES;
				"INFOPLIST_KEY_UIApplicationSceneManifest_Generation[sdk=iphonesimulator*]" = YES;
				"INFOPLIST_KEY_UIApplicationSupportsIndirectInputEvents[sdk=iphoneos*]" = YES;
				"INFOPLIST_KEY_UIApplicationSupportsIndirectInputEvents[sdk=iphonesimulator*]" = YES;
				"INFOPLIST_KEY_UILaunchScreen_Generation[sdk=iphoneos*]" = YES;
				"INFOPLIST_KEY_UILaunchScreen_Generation[sdk=iphonesimulator*]" = YES;
				"INFOPLIST_KEY_UIStatusBarStyle[sdk=iphoneos*]" = UIStatusBarStyleDefault;
				"INFOPLIST_KEY_UIStatusBarStyle[sdk=iphonesimulator*]" = UIStatusBarStyleDefault;
				INFOPLIST_KEY_UISupportedInterfaceOrientations_iPad = "UIInterfaceOrientationPortrait UIInterfaceOrientationPortraitUpsideDown UIInterfaceOrientationLandscapeLeft UIInterfaceOrientationLandscapeRight";
				INFOPLIST_KEY_UISupportedInterfaceOrientations_iPhone = "UIInterfaceOrientationPortrait UIInterfaceOrientationLandscapeLeft UIInterfaceOrientationLandscapeRight";
				IPHONEOS_DEPLOYMENT_TARGET = 17.0;
				LD_RUNPATH_SEARCH_PATHS = "@executable_path/Frameworks";
				"LD_RUNPATH_SEARCH_PATHS[sdk=macosx*]" = "@executable_path/../Frameworks";
				MACOSX_DEPLOYMENT_TARGET = 26.3;
				MARKETING_VERSION = 1.2;
				PRODUCT_BUNDLE_IDENTIFIER = com.xia.themiltonpaper;
				PRODUCT_NAME = "$(TARGET_NAME)";
				REGISTER_APP_GROUPS = YES;
				SDKROOT = auto;
				STRING_CATALOG_GENERATE_SYMBOLS = YES;
				SUPPORTED_PLATFORMS = "iphoneos iphonesimulator macosx xros xrsimulator";
				SWIFT_APPROACHABLE_CONCURRENCY = YES;
				SWIFT_DEFAULT_ACTOR_ISOLATION = MainActor;
				SWIFT_EMIT_LOC_STRINGS = YES;
				SWIFT_UPCOMING_FEATURE_MEMBER_IMPORT_VISIBILITY = YES;
				SWIFT_VERSION = 5.0;
				TARGETED_DEVICE_FAMILY = "1,2,7";
				XROS_DEPLOYMENT_TARGET = 26.5;
			};
			name = Debug;
		};
		A09A0BDE2FBA88EF0097C3AC /* Release */ = {
			isa = XCBuildConfiguration;
			buildSettings = {
				ASSETCATALOG_COMPILER_APPICON_NAME = AppIcon;
				ASSETCATALOG_COMPILER_GLOBAL_ACCENT_COLOR_NAME = AccentColor;
				CODE_SIGN_ENTITLEMENTS = "The Milton Paper/The Milton Paper.entitlements";
				CODE_SIGN_STYLE = Automatic;
				CURRENT_PROJECT_VERSION = 5;
				DEVELOPMENT_TEAM = 7B7M7FR7QW;
				ENABLE_APP_SANDBOX = YES;
				ENABLE_HARDENED_RUNTIME = YES;
				ENABLE_PREVIEWS = YES;
				ENABLE_USER_SELECTED_FILES = readonly;
				GENERATE_INFOPLIST_FILE = YES;
				INFOPLIST_FILE = "The Milton Paper/Info.plist";
				"INFOPLIST_KEY_UIApplicationSceneManifest_Generation[sdk=iphoneos*]" = YES;
				"INFOPLIST_KEY_UIApplicationSceneManifest_Generation[sdk=iphonesimulator*]" = YES;
				"INFOPLIST_KEY_UIApplicationSupportsIndirectInputEvents[sdk=iphoneos*]" = YES;
				"INFOPLIST_KEY_UIApplicationSupportsIndirectInputEvents[sdk=iphonesimulator*]" = YES;
				"INFOPLIST_KEY_UILaunchScreen_Generation[sdk=iphoneos*]" = YES;
				"INFOPLIST_KEY_UILaunchScreen_Generation[sdk=iphonesimulator*]" = YES;
				"INFOPLIST_KEY_UIStatusBarStyle[sdk=iphoneos*]" = UIStatusBarStyleDefault;
				"INFOPLIST_KEY_UIStatusBarStyle[sdk=iphonesimulator*]" = UIStatusBarStyleDefault;
				INFOPLIST_KEY_UISupportedInterfaceOrientations_iPad = "UIInterfaceOrientationPortrait UIInterfaceOrientationPortraitUpsideDown UIInterfaceOrientationLandscapeLeft UIInterfaceOrientationLandscapeRight";
				INFOPLIST_KEY_UISupportedInterfaceOrientations_iPhone = "UIInterfaceOrientationPortrait UIInterfaceOrientationLandscapeLeft UIInterfaceOrientationLandscapeRight";
				IPHONEOS_DEPLOYMENT_TARGET = 17.0;
				LD_RUNPATH_SEARCH_PATHS = "@executable_path/Frameworks";
				"LD_RUNPATH_SEARCH_PATHS[sdk=macosx*]" = "@executable_path/../Frameworks";
				MACOSX_DEPLOYMENT_TARGET = 26.3;
				MARKETING_VERSION = 1.2;
				PRODUCT_BUNDLE_IDENTIFIER = com.xia.themiltonpaper;
				PRODUCT_NAME = "$(TARGET_NAME)";
				REGISTER_APP_GROUPS = YES;
				SDKROOT = auto;
				STRING_CATALOG_GENERATE_SYMBOLS = YES;
				SUPPORTED_PLATFORMS = "iphoneos iphonesimulator macosx xros xrsimulator";
				SWIFT_APPROACHABLE_CONCURRENCY = YES;
				SWIFT_DEFAULT_ACTOR_ISOLATION = MainActor;
				SWIFT_EMIT_LOC_STRINGS = YES;
				SWIFT_UPCOMING_FEATURE_MEMBER_IMPORT_VISIBILITY = YES;
				SWIFT_VERSION = 5.0;
				TARGETED_DEVICE_FAMILY = "1,2,7";
				XROS_DEPLOYMENT_TARGET = 26.5;
			};
			name = Release;
		};
		A09A0BDF2FBA88EF0097C3AC /* Debug */ = {
			isa = XCBuildConfiguration;
			buildSettings = {
				ALWAYS_SEARCH_USER_PATHS = NO;
				ASSETCATALOG_COMPILER_GENERATE_SWIFT_ASSET_SYMBOL_EXTENSIONS = YES;
				CLANG_ANALYZER_NONNULL = YES;
				CLANG_ANALYZER_NUMBER_OBJECT_CONVERSION = YES_AGGRESSIVE;
				CLANG_CXX_LANGUAGE_STANDARD = "gnu++20";
				CLANG_ENABLE_MODULES = YES;
				CLANG_ENABLE_OBJC_ARC = YES;
				CLANG_ENABLE_OBJC_WEAK = YES;
				CLANG_WARN_BLOCK_CAPTURE_AUTORELEASING = YES;
				CLANG_WARN_BOOL_CONVERSION = YES;
				CLANG_WARN_COMMA = YES;
				CLANG_WARN_CONSTANT_CONVERSION = YES;
				CLANG_WARN_DEPRECATED_OBJC_IMPLEMENTATIONS = YES;
				CLANG_WARN_DIRECT_OBJC_ISA_USAGE = YES_ERROR;
				CLANG_WARN_DOCUMENTATION_COMMENTS = YES;
				CLANG_WARN_EMPTY_BODY = YES;
				CLANG_WARN_ENUM_CONVERSION = YES;
				CLANG_WARN_INFINITE_RECURSION = YES;
				CLANG_WARN_INT_CONVERSION = YES;
				CLANG_WARN_NON_LITERAL_NULL_CONVERSION = YES;
				CLANG_WARN_OBJC_IMPLICIT_RETAIN_SELF = YES;
				CLANG_WARN_OBJC_LITERAL_CONVERSION = YES;
				CLANG_WARN_OBJC_ROOT_CLASS = YES_ERROR;
				CLANG_WARN_QUOTED_INCLUDE_IN_FRAMEWORK_HEADER = YES;
				CLANG_WARN_RANGE_LOOP_ANALYSIS = YES;
				CLANG_WARN_STRICT_PROTOTYPES = YES;
				CLANG_WARN_SUSPICIOUS_MOVE = YES;
				CLANG_WARN_UNGUARDED_AVAILABILITY = YES_AGGRESSIVE;
				CLANG_WARN_UNREACHABLE_CODE = YES;
				CLANG_WARN__DUPLICATE_METHOD_MATCH = YES;
				COPY_PHASE_STRIP = NO;
				DEBUG_INFORMATION_FORMAT = dwarf;
				DEVELOPMENT_TEAM = ZNPGQ8TW57;
				ENABLE_STRICT_OBJC_MSGSEND = YES;
				ENABLE_TESTABILITY = YES;
				ENABLE_USER_SCRIPT_SANDBOXING = YES;
				GCC_C_LANGUAGE_STANDARD = gnu17;
				GCC_DYNAMIC_NO_PIC = NO;
				GCC_NO_COMMON_BLOCKS = YES;
				GCC_OPTIMIZATION_LEVEL = 0;
				GCC_PREPROCESSOR_DEFINITIONS = (
					"DEBUG=1",
					"$(inherited)",
				);
				GCC_WARN_64_TO_32_BIT_CONVERSION = YES;
				GCC_WARN_ABOUT_RETURN_TYPE = YES_ERROR;
				GCC_WARN_UNDECLARED_SELECTOR = YES;
				GCC_WARN_UNINITIALIZED_AUTOS = YES_AGGRESSIVE;
				GCC_WARN_UNUSED_FUNCTION = YES;
				GCC_WARN_UNUSED_VARIABLE = YES;
				LOCALIZATION_PREFERS_STRING_CATALOGS = YES;
				MTL_ENABLE_DEBUG_INFO = INCLUDE_SOURCE;
				MTL_FAST_MATH = YES;
				ONLY_ACTIVE_ARCH = YES;
				SWIFT_ACTIVE_COMPILATION_CONDITIONS = "DEBUG $(inherited)";
				SWIFT_OPTIMIZATION_LEVEL = "-Onone";
			};
			name = Debug;
		};
		A09A0BE02FBA88EF0097C3AC /* Release */ = {
			isa = XCBuildConfiguration;
			buildSettings = {
				ALWAYS_SEARCH_USER_PATHS = NO;
				ASSETCATALOG_COMPILER_GENERATE_SWIFT_ASSET_SYMBOL_EXTENSIONS = YES;
				CLANG_ANALYZER_NONNULL = YES;
				CLANG_ANALYZER_NUMBER_OBJECT_CONVERSION = YES_AGGRESSIVE;
				CLANG_CXX_LANGUAGE_STANDARD = "gnu++20";
				CLANG_ENABLE_MODULES = YES;
				CLANG_ENABLE_OBJC_ARC = YES;
				CLANG_ENABLE_OBJC_WEAK = YES;
				CLANG_WARN_BLOCK_CAPTURE_AUTORELEASING = YES;
				CLANG_WARN_BOOL_CONVERSION = YES;
				CLANG_WARN_COMMA = YES;
				CLANG_WARN_CONSTANT_CONVERSION = YES;
				CLANG_WARN_DEPRECATED_OBJC_IMPLEMENTATIONS = YES;
				CLANG_WARN_DIRECT_OBJC_ISA_USAGE = YES_ERROR;
				CLANG_WARN_DOCUMENTATION_COMMENTS = YES;
				CLANG_WARN_EMPTY_BODY = YES;
				CLANG_WARN_ENUM_CONVERSION = YES;
				CLANG_WARN_INFINITE_RECURSION = YES;
				CLANG_WARN_INT_CONVERSION = YES;
				CLANG_WARN_NON_LITERAL_NULL_CONVERSION = YES;
				CLANG_WARN_OBJC_IMPLICIT_RETAIN_SELF = YES;
				CLANG_WARN_OBJC_LITERAL_CONVERSION = YES;
				CLANG_WARN_OBJC_ROOT_CLASS = YES_ERROR;
				CLANG_WARN_QUOTED_INCLUDE_IN_FRAMEWORK_HEADER = YES;
				CLANG_WARN_RANGE_LOOP_ANALYSIS = YES;
				CLANG_WARN_STRICT_PROTOTYPES = YES;
				CLANG_WARN_SUSPICIOUS_MOVE = YES;
				CLANG_WARN_UNGUARDED_AVAILABILITY = YES_AGGRESSIVE;
				CLANG_WARN_UNREACHABLE_CODE = YES;
				CLANG_WARN__DUPLICATE_METHOD_MATCH = YES;
				COPY_PHASE_STRIP = NO;
				DEBUG_INFORMATION_FORMAT = "dwarf-with-dsym";
				DEVELOPMENT_TEAM = ZNPGQ8TW57;
				ENABLE_NS_ASSERTIONS = NO;
				ENABLE_STRICT_OBJC_MSGSEND = YES;
				ENABLE_USER_SCRIPT_SANDBOXING = YES;
				GCC_C_LANGUAGE_STANDARD = gnu17;
				GCC_NO_COMMON_BLOCKS = YES;
				GCC_WARN_64_TO_32_BIT_CONVERSION = YES;
				GCC_WARN_ABOUT_RETURN_TYPE = YES_ERROR;
				GCC_WARN_UNDECLARED_SELECTOR = YES;
				GCC_WARN_UNINITIALIZED_AUTOS = YES_AGGRESSIVE;
				GCC_WARN_UNUSED_FUNCTION = YES;
				GCC_WARN_UNUSED_VARIABLE = YES;
				LOCALIZATION_PREFERS_STRING_CATALOGS = YES;
				MTL_ENABLE_DEBUG_INFO = NO;
				MTL_FAST_MATH = YES;
				SWIFT_COMPILATION_MODE = wholemodule;
			};
			name = Release;
		};
		A09A0BE22FBA88EF0097C3AC /* Debug */ = {
			isa = XCBuildConfiguration;
			buildSettings = {
				BUNDLE_LOADER = "$(TEST_HOST)";
				CODE_SIGN_STYLE = Automatic;
				CURRENT_PROJECT_VERSION = 1;
				DEVELOPMENT_TEAM = ZNPGQ8TW57;
				GENERATE_INFOPLIST_FILE = YES;
				IPHONEOS_DEPLOYMENT_TARGET = 17.0;
				MACOSX_DEPLOYMENT_TARGET = 26.3;
				MARKETING_VERSION = 1.0;
				PRODUCT_BUNDLE_IDENTIFIER = "Milton-Academy.The-Milton-PaperTests";
				PRODUCT_NAME = "$(TARGET_NAME)";
				SDKROOT = auto;
				STRING_CATALOG_GENERATE_SYMBOLS = NO;
				SUPPORTED_PLATFORMS = "iphoneos iphonesimulator macosx xros xrsimulator";
				SWIFT_APPROACHABLE_CONCURRENCY = YES;
				SWIFT_EMIT_LOC_STRINGS = NO;
				SWIFT_UPCOMING_FEATURE_MEMBER_IMPORT_VISIBILITY = YES;
				SWIFT_VERSION = 5.0;
				TARGETED_DEVICE_FAMILY = "1,2,7";
				TEST_HOST = "$(BUILT_PRODUCTS_DIR)/The Milton Paper.app/$(BUNDLE_EXECUTABLE_FOLDER_PATH)/The Milton Paper";
				XROS_DEPLOYMENT_TARGET = 26.5;
			};
			name = Debug;
		};
		A09A0BE32FBA88EF0097C3AC /* Release */ = {
			isa = XCBuildConfiguration;
			buildSettings = {
				BUNDLE_LOADER = "$(TEST_HOST)";
				CODE_SIGN_STYLE = Automatic;
				CURRENT_PROJECT_VERSION = 1;
				DEVELOPMENT_TEAM = ZNPGQ8TW57;
				GENERATE_INFOPLIST_FILE = YES;
				IPHONEOS_DEPLOYMENT_TARGET = 17.0;
				MACOSX_DEPLOYMENT_TARGET = 26.3;
				MARKETING_VERSION = 1.0;
				PRODUCT_BUNDLE_IDENTIFIER = "Milton-Academy.The-Milton-PaperTests";
				PRODUCT_NAME = "$(TARGET_NAME)";
				SDKROOT = auto;
				STRING_CATALOG_GENERATE_SYMBOLS = NO;
				SUPPORTED_PLATFORMS = "iphoneos iphonesimulator macosx xros xrsimulator";
				SWIFT_APPROACHABLE_CONCURRENCY = YES;
				SWIFT_EMIT_LOC_STRINGS = NO;
				SWIFT_UPCOMING_FEATURE_MEMBER_IMPORT_VISIBILITY = YES;
				SWIFT_VERSION = 5.0;
				TARGETED_DEVICE_FAMILY = "1,2,7";
				TEST_HOST = "$(BUILT_PRODUCTS_DIR)/The Milton Paper.app/$(BUNDLE_EXECUTABLE_FOLDER_PATH)/The Milton Paper";
				XROS_DEPLOYMENT_TARGET = 26.5;
			};
			name = Release;
		};
		A09A0BE52FBA88EF0097C3AC /* Debug */ = {
			isa = XCBuildConfiguration;
			buildSettings = {
				CODE_SIGN_STYLE = Automatic;
				CURRENT_PROJECT_VERSION = 1;
				DEVELOPMENT_TEAM = ZNPGQ8TW57;
				GENERATE_INFOPLIST_FILE = YES;
				IPHONEOS_DEPLOYMENT_TARGET = 17.0;
				MACOSX_DEPLOYMENT_TARGET = 26.3;
				MARKETING_VERSION = 1.0;
				PRODUCT_BUNDLE_IDENTIFIER = "Milton-Academy.The-Milton-PaperUITests";
				PRODUCT_NAME = "$(TARGET_NAME)";
				SDKROOT = auto;
				STRING_CATALOG_GENERATE_SYMBOLS = NO;
				SUPPORTED_PLATFORMS = "iphoneos iphonesimulator macosx xros xrsimulator";
				SWIFT_APPROACHABLE_CONCURRENCY = YES;
				SWIFT_EMIT_LOC_STRINGS = NO;
				SWIFT_UPCOMING_FEATURE_MEMBER_IMPORT_VISIBILITY = YES;
				SWIFT_VERSION = 5.0;
				TARGETED_DEVICE_FAMILY = "1,2,7";
				TEST_TARGET_NAME = "The Milton Paper";
				XROS_DEPLOYMENT_TARGET = 26.5;
			};
			name = Debug;
		};
		A09A0BE62FBA88EF0097C3AC /* Release */ = {
			isa = XCBuildConfiguration;
			buildSettings = {
				CODE_SIGN_STYLE = Automatic;
				CURRENT_PROJECT_VERSION = 1;
				DEVELOPMENT_TEAM = ZNPGQ8TW57;
				GENERATE_INFOPLIST_FILE = YES;
				IPHONEOS_DEPLOYMENT_TARGET = 17.0;
				MACOSX_DEPLOYMENT_TARGET = 26.3;
				MARKETING_VERSION = 1.0;
				PRODUCT_BUNDLE_IDENTIFIER = "Milton-Academy.The-Milton-PaperUITests";
				PRODUCT_NAME = "$(TARGET_NAME)";
				SDKROOT = auto;
				STRING_CATALOG_GENERATE_SYMBOLS = NO;
				SUPPORTED_PLATFORMS = "iphoneos iphonesimulator macosx xros xrsimulator";
				SWIFT_APPROACHABLE_CONCURRENCY = YES;
				SWIFT_EMIT_LOC_STRINGS = NO;
				SWIFT_UPCOMING_FEATURE_MEMBER_IMPORT_VISIBILITY = YES;
				SWIFT_VERSION = 5.0;
				TARGETED_DEVICE_FAMILY = "1,2,7";
				TEST_TARGET_NAME = "The Milton Paper";
				XROS_DEPLOYMENT_TARGET = 26.5;
			};
			name = Release;
		};
/* End XCBuildConfiguration section */

/* Begin XCConfigurationList section */
		A09A0BB32FBA88EB0097C3AC /* Build configuration list for PBXProject "The Milton Paper" */ = {
			isa = XCConfigurationList;
			buildConfigurations = (
				A09A0BDF2FBA88EF0097C3AC /* Debug */,
				A09A0BE02FBA88EF0097C3AC /* Release */,
			);
			defaultConfigurationIsVisible = 0;
			defaultConfigurationName = Release;
		};
		A09A0BDC2FBA88EF0097C3AC /* Build configuration list for PBXNativeTarget "The Milton Paper" */ = {
			isa = XCConfigurationList;
			buildConfigurations = (
				A09A0BDD2FBA88EF0097C3AC /* Debug */,
				A09A0BDE2FBA88EF0097C3AC /* Release */,
			);
			defaultConfigurationIsVisible = 0;
			defaultConfigurationName = Release;
		};
		A09A0BE12FBA88EF0097C3AC /* Build configuration list for PBXNativeTarget "The Milton PaperTests" */ = {
			isa = XCConfigurationList;
			buildConfigurations = (
				A09A0BE22FBA88EF0097C3AC /* Debug */,
				A09A0BE32FBA88EF0097C3AC /* Release */,
			);
			defaultConfigurationIsVisible = 0;
			defaultConfigurationName = Release;
		};
		A09A0BE42FBA88EF0097C3AC /* Build configuration list for PBXNativeTarget "The Milton PaperUITests" */ = {
			isa = XCConfigurationList;
			buildConfigurations = (
				A09A0BE52FBA88EF0097C3AC /* Debug */,
				A09A0BE62FBA88EF0097C3AC /* Release */,
			);
			defaultConfigurationIsVisible = 0;
			defaultConfigurationName = Release;
		};
/* End XCConfigurationList section */

/* Begin XCRemoteSwiftPackageReference section */
		A0C2773F2FBD3015005A1DBD /* XCRemoteSwiftPackageReference "firebase-ios-sdk" */ = {
			isa = XCRemoteSwiftPackageReference;
			repositoryURL = "https://github.com/firebase/firebase-ios-sdk.git";
			requirement = {
				kind = upToNextMajorVersion;
				minimumVersion = 12.13.0;
			};
		};
		A0C277462FBD305F005A1DBD /* XCRemoteSwiftPackageReference "GoogleSignIn-iOS" */ = {
			isa = XCRemoteSwiftPackageReference;
			repositoryURL = "https://github.com/google/GoogleSignIn-iOS.git";
			requirement = {
				kind = upToNextMajorVersion;
				minimumVersion = 9.1.0;
			};
		};
/* End XCRemoteSwiftPackageReference section */

/* Begin XCSwiftPackageProductDependency section */
		A0C277402FBD3015005A1DBD /* FirebaseAnalytics */ = {
			isa = XCSwiftPackageProductDependency;
			package = A0C2773F2FBD3015005A1DBD /* XCRemoteSwiftPackageReference "firebase-ios-sdk" */;
			productName = FirebaseAnalytics;
		};
		A0C277422FBD3015005A1DBD /* FirebaseAuth */ = {
			isa = XCSwiftPackageProductDependency;
			package = A0C2773F2FBD3015005A1DBD /* XCRemoteSwiftPackageReference "firebase-ios-sdk" */;
			productName = FirebaseAuth;
		};
		A0C277442FBD3015005A1DBD /* FirebaseFirestore */ = {
			isa = XCSwiftPackageProductDependency;
			package = A0C2773F2FBD3015005A1DBD /* XCRemoteSwiftPackageReference "firebase-ios-sdk" */;
			productName = FirebaseFirestore;
		};
		A0C277472FBD305F005A1DBD /* GoogleSignIn */ = {
			isa = XCSwiftPackageProductDependency;
			package = A0C277462FBD305F005A1DBD /* XCRemoteSwiftPackageReference "GoogleSignIn-iOS" */;
			productName = GoogleSignIn;
		};
/* End XCSwiftPackageProductDependency section */
	};
	rootObject = A09A0BB02FBA88EB0097C3AC /* Project object */;
}
